// !$*UTF8*$!
{
	archiveVersion = 1;
	classes = {
	};
	objectVersion = 55;
	objects = {

/* Begin PBXBuildFile section */
		6486186B266F9C1300102AF9 /* SearchableApp.swift in Sources */ = {isa = PBXBuildFile; fileRef = 6486186A266F9C1300102AF9 /* SearchableApp.swift */; };
		6486186D266F9C1300102AF9 /* ContentView.swift in Sources */ = {isa = PBXBuildFile; fileRef = 6486186C266F9C1300102AF9 /* ContentView.swift */; };
		6486186F266F9C1500102AF9 /* Assets.xcassets in Resources */ = {isa = PBXBuildFile; fileRef = 6486186E266F9C1500102AF9 /* Assets.xcassets */; };
		64861872266F9C1500102AF9 /* Preview Assets.xcassets in Resources */ = {isa = PBXBuildFile; fileRef = 64861871266F9C1500102AF9 /* Preview Assets.xcassets */; };
		64DDEB8526B075D900894EE6 /* Person.swift in Sources */ = {isa = PBXBuildFile; fileRef = 64DDEB8426B075D900894EE6 /* Person.swift */; };
		64DDEB8726B0764600894EE6 /* PeopleViewModel.swift in Sources */ = {isa = PBXBuildFile; fileRef = 64DDEB8626B0764600894EE6 /* PeopleViewModel.swift */; };
		64DDEB8C26B0789400894EE6 /* HintView.swift in Sources */ = {isa = PBXBuildFile; fileRef = 64DDEB8B26B0789400894EE6 /* HintView.swift */; };
		64DDEB8E26B0868500894EE6 /* PeopleView.swift in Sources */ = {isa = PBXBuildFile; fileRef = 64DDEB8D26B0868500894EE6 /* PeopleView.swift */; };
/* End PBXBuildFile section */

/* Begin PBXFileReference section */
		64861867266F9C1300102AF9 /* Refreshable.app */ = {isa = PBXFileReference; explicitFileType = wrapper.application; includeInIndex = 0; path = Refreshable.app; sourceTree = BUILT_PRODUCTS_DIR; };
		6486186A266F9C1300102AF9 /* SearchableApp.swift */ = {isa = PBXFileReference; lastKnownFileType = sourcecode.swift; path = SearchableApp.swift; sourceTree = "<group>"; };
		6486186C266F9C1300102AF9 /* ContentView.swift */ = {isa = PBXFileReference; lastKnownFileType = sourcecode.swift; path = ContentView.swift; sourceTree = "<group>"; };
		6486186E266F9C1500102AF9 /* Assets.xcassets */ = {isa = PBXFileReference; lastKnownFileType = folder.assetcatalog; path = Assets.xcassets; sourceTree = "<group>"; };
		64861871266F9C1500102AF9 /* Preview Assets.xcassets */ = {isa = PBXFileReference; lastKnownFileType = folder.assetcatalog; path = "Preview Assets.xcassets"; sourceTree = "<group>"; };
		64DDEB8426B075D900894EE6 /* Person.swift */ = {isa = PBXFileReference; lastKnownFileType = sourcecode.swift; path = Person.swift; sourceTree = "<group>"; };
		64DDEB8626B0764600894EE6 /* PeopleViewModel.swift */ = {isa = PBXFileReference; lastKnownFileType = sourcecode.swift; path = PeopleViewModel.swift; sourceTree = "<group>"; };
		64DDEB8B26B0789400894EE6 /* HintView.swift */ = {isa = PBXFileReference; lastKnownFileType = sourcecode.swift; path = HintView.swift; sourceTree = "<group>"; };
		64DDEB8D26B0868500894EE6 /* PeopleView.swift */ = {isa = PBXFileReference; lastKnownFileType = sourcecode.swift; path = PeopleView.swift; sourceTree = "<group>"; };
/* End PBXFileReference section */

/* Begin PBXFrameworksBuildPhase section */
		64861864266F9C1300102AF9 /* Frameworks */ = {
			isa = PBXFrameworksBuildPhase;
			buildActionMask = 2147483647;
			files = (
			);
			runOnlyForDeploymentPostprocessing = 0;
		};
/* End PBXFrameworksBuildPhase section */

/* Begin PBXGroup section */
		6486185E266F9C1300102AF9 = {
			isa = PBXGroup;
			children = (
				64861869266F9C1300102AF9 /* Refreshable */,
				64861868266F9C1300102AF9 /* Products */,
			);
			sourceTree = "<group>";
		};
		64861868266F9C1300102AF9 /* Products */ = {
			isa = PBXGroup;
			children = (
				64861867266F9C1300102AF9 /* Refreshable.app */,
			);
			name = Products;
			sourceTree = "<group>";
		};
		64861869266F9C1300102AF9 /* Refreshable */ = {
			isa = PBXGroup;
			children = (
				64DDEB8826B0787D00894EE6 /* View */,
				64DDEB8326B075CB00894EE6 /* Model */,
				64DDEB8226B075C400894EE6 /* ViewModel */,
				6486186A266F9C1300102AF9 /* SearchableApp.swift */,
				6486186C266F9C1300102AF9 /* ContentView.swift */,
				6486186E266F9C1500102AF9 /* Assets.xcassets */,
				64861870266F9C1500102AF9 /* Preview Content */,
			);
			path = Refreshable;
			sourceTree = "<group>";
		};
		64861870266F9C1500102AF9 /* Preview Content */ = {
			isa = PBXGroup;
			children = (
				64861871266F9C1500102AF9 /* Preview Assets.xcassets */,
			);
			path = "Preview Content";
			sourceTree = "<group>";
		};
		64DDEB8226B075C400894EE6 /* ViewModel */ = {
			isa = PBXGroup;
			children = (
				64DDEB8626B0764600894EE6 /* PeopleViewModel.swift */,
			);
			path = ViewModel;
			sourceTree = "<group>";
		};
		64DDEB8326B075CB00894EE6 /* Model */ = {
			isa = PBXGroup;
			children = (
				64DDEB8426B075D900894EE6 /* Person.swift */,
			);
			path = Model;
			sourceTree = "<group>";
		};
		64DDEB8826B0787D00894EE6 /* View */ = {
			isa = PBXGroup;
			children = (
				64DDEB8B26B0789400894EE6 /* HintView.swift */,
				64DDEB8D26B0868500894EE6 /* PeopleView.swift */,
			);
			path = View;
			sourceTree = "<group>";
		};
/* End PBXGroup section */

/* Begin PBXNativeTarget section */
		64861866266F9C1300102AF9 /* Refreshable */ = {
			isa = PBXNativeTarget;
			buildConfigurationList = 64861875266F9C1500102AF9 /* Build configuration list for PBXNativeTarget "Refreshable" */;
			buildPhases = (
				64861863266F9C1300102AF9 /* Sources */,
				64861864266F9C1300102AF9 /* Frameworks */,
				64861865266F9C1300102AF9 /* Resources */,
			);
			buildRules = (
			);
			dependencies = (
			);
			name = Refreshable;
			productName = Searchable;
			productReference = 64861867266F9C1300102AF9 /* Refreshable.app */;
			productType = "com.apple.product-type.application";
		};
/* End PBXNativeTarget section */

/* Begin PBXProject section */
		6486185F266F9C1300102AF9 /* Project object */ = {
			isa = PBXProject;
			attributes = {
				BuildIndependentTargetsInParallel = 1;
				LastSwiftUpdateCheck = 1300;
				LastUpgradeCheck = 1300;
				TargetAttributes = {
					64861866266F9C1300102AF9 = {
						CreatedOnToolsVersion = 13.0;
					};
				};
			};
			buildConfigurationList = 64861862266F9C1300102AF9 /* Build configuration list for PBXProject "Refreshable" */;
			compatibilityVersion = "Xcode 13.0";
			developmentRegion = en;
			hasScannedForEncodings = 0;
			knownRegions = (
				en,
				Base,
			);
			mainGroup = 6486185E266F9C1300102AF9;
			productRefGroup = 64861868266F9C1300102AF9 /* Products */;
			projectDirPath = "";
			projectRoot = "";
			targets = (
				64861866266F9C1300102AF9 /* Refreshable */,
			);
		};
/* End PBXProject section */

/* Begin PBXResourcesBuildPhase section */
		64861865266F9C1300102AF9 /* Resources */ = {
			isa = PBXResourcesBuildPhase;
			buildActionMask = 2147483647;
			files = (
				64861872266F9C1500102AF9 /* Preview Assets.xcassets in Resources */,
				6486186F266F9C1500102AF9 /* Assets.xcassets in Resources */,
			);
			runOnlyForDeploymentPostprocessing = 0;
		};
/* End PBXResourcesBuildPhase section */

/* Begin PBXSourcesBuildPhase section */
		64861863266F9C1300102AF9 /* Sources */ = {
			isa = PBXSourcesBuildPhase;
			buildActionMask = 2147483647;
			files = (
				64DDEB8526B075D900894EE6 /* Person.swift in Sources */,
				64DDEB8C26B0789400894EE6 /* HintView.swift in Sources */,
				64DDEB8726B0764600894EE6 /* PeopleViewModel.swift in Sources */,
				6486186D266F9C1300102AF9 /* ContentView.swift in Sources */,
				6486186B266F9C1300102AF9 /* SearchableApp.swift in Sources */,
				64DDEB8E26B0868500894EE6 /* PeopleView.swift in Sources */,
			);
			runOnlyForDeploymentPostprocessing = 0;
		};
/* End PBXSourcesBuildPhase section */

/* Begin XCBuildConfiguration section */
		64861873266F9C1500102AF9 /* Debug */ = {
			isa = XCBuildConfiguration;
			buildSettings = {
				ALWAYS_SEARCH_USER_PATHS = NO;
				CLANG_ANALYZER_NONNULL = YES;
				CLANG_ANALYZER_NUMBER_OBJECT_CONVERSION = YES_AGGRESSIVE;
				CLANG_CXX_LANGUAGE_STANDARD = "gnu++14";
				CLANG_CXX_LIBRARY = "libc++";
				CLANG_ENABLE_MODULES = YES;
				CLANG_ENABLE_OBJC_ARC = YES;
				CLANG_ENABLE_OBJC_WEAK = YES;
				CLANG_WARN_BLOCK_CAPTURE_AUTORELEASING = YES;
				CLANG_WARN_BOOL_CONVERSION = YES;
				CLANG_WARN_COMMA = YES;
				CLANG_WARN_CONSTANT_CONVERSION = YES;
				CLANG_WARN_DEPRECATED_OBJC_IMPLEMENTATIONS = YES;
				CLANG_WARN_DIRECT_OBJC_ISA_USAGE = YES_ERROR;
				CLANG_WARN_DOCUMENTATION_COMMENTS = YES;
				CLANG_WARN_EMPTY_BODY = YES;
				CLANG_WARN_ENUM_CONVERSION = YES;
				CLANG_WARN_INFINITE_RECURSION = YES;
				CLANG_WARN_INT_CONVERSION = YES;
				CLANG_WARN_NON_LITERAL_NULL_CONVERSION = YES;
				CLANG_WARN_OBJC_IMPLICIT_RETAIN_SELF = YES;
				CLANG_WARN_OBJC_LITERAL_CONVERSION = YES;
				CLANG_WARN_OBJC_ROOT_CLASS = YES_ERROR;
				CLANG_WARN_QUOTED_INCLUDE_IN_FRAMEWORK_HEADER = YES;
				CLANG_WARN_RANGE_LOOP_ANALYSIS = YES;
				CLANG_WARN_STRICT_PROTOTYPES = YES;
				CLANG_WARN_SUSPICIOUS_MOVE = YES;
				CLANG_WARN_UNGUARDED_AVAILABILITY = YES_AGGRESSIVE;
				CLANG_WARN_UNREACHABLE_CODE = YES;
				CLANG_WARN__DUPLICATE_METHOD_MATCH = YES;
				COPY_PHASE_STRIP = NO;
				DEBUG_INFORMATION_FORMAT = dwarf;
				ENABLE_STRICT_OBJC_MSGSEND = YES;
				ENABLE_TESTABILITY = YES;
				GCC_C_LANGUAGE_STANDARD = gnu11;
				GCC_DYNAMIC_NO_PIC = NO;
				GCC_NO_COMMON_BLOCKS = YES;
				GCC_OPTIMIZATION_LEVEL = 0;
				GCC_PREPROCESSOR_DEFINITIONS = (
					"DEBUG=1",
					"$(inherited)",
				);
				GCC_WARN_64_TO_32_BIT_CONVERSION = YES;
				GCC_WARN_ABOUT_RETURN_TYPE = YES_ERROR;
				GCC_WARN_UNDECLARED_SELECTOR = YES;
				GCC_WARN_UNINITIALIZED_AUTOS = YES_AGGRESSIVE;
				GCC_WARN_UNUSED_FUNCTION = YES;
				GCC_WARN_UNUSED_VARIABLE = YES;
				IPHONEOS_DEPLOYMENT_TARGET = 15.0;
				MTL_ENABLE_DEBUG_INFO = INCLUDE_SOURCE;
				MTL_FAST_MATH = YES;
				ONLY_ACTIVE_ARCH = YES;
				SDKROOT = iphoneos;
				SWIFT_ACTIVE_COMPILATION_CONDITIONS = DEBUG;
				SWIFT_OPTIMIZATION_LEVEL = "-Onone";
			};
			name = Debug;
		};
		64861874266F9C1500102AF9 /* Release */ = {
			isa = XCBuildConfiguration;
			buildSettings = {
				ALWAYS_SEARCH_USER_PATHS = NO;
				CLANG_ANALYZER_NONNULL = YES;
				CLANG_ANALYZER_NUMBER_OBJECT_CONVERSION = YES_AGGRESSIVE;
				CLANG_CXX_LANGUAGE_STANDARD = "gnu++14";
				CLANG_CXX_LIBRARY = "libc++";
				CLANG_ENABLE_MODULES = YES;
				CLANG_ENABLE_OBJC_ARC = YES;
				CLANG_ENABLE_OBJC_WEAK = YES;
				CLANG_WARN_BLOCK_CAPTURE_AUTORELEASING = YES;
				CLANG_WARN_BOOL_CONVERSION = YES;
				CLANG_WARN_COMMA = YES;
				CLANG_WARN_CONSTANT_CONVERSION = YES;
				CLANG_WARN_DEPRECATED_OBJC_IMPLEMENTATIONS = YES;
				CLANG_WARN_DIRECT_OBJC_ISA_USAGE = YES_ERROR;
				CLANG_WARN_DOCUMENTATION_COMMENTS = YES;
				CLANG_WARN_EMPTY_BODY = YES;
				CLANG_WARN_ENUM_CONVERSION = YES;
				CLANG_WARN_INFINITE_RECURSION = YES;
				CLANG_WARN_INT_CONVERSION = YES;
				CLANG_WARN_NON_LITERAL_NULL_CONVERSION = YES;
				CLANG_WARN_OBJC_IMPLICIT_RETAIN_SELF = YES;
				CLANG_WARN_OBJC_LITERAL_CONVERSION = YES;
				CLANG_WARN_OBJC_ROOT_CLASS = YES_ERROR;
				CLANG_WARN_QUOTED_INCLUDE_IN_FRAMEWORK_HEADER = YES;
				CLANG_WARN_RANGE_LOOP_ANALYSIS = YES;
				CLANG_WARN_STRICT_PROTOTYPES = YES;
				CLANG_WARN_SUSPICIOUS_MOVE = YES;
				CLANG_WARN_UNGUARDED_AVAILABILITY = YES_AGGRESSIVE;
				CLANG_WARN_UNREACHABLE_CODE = YES;
				CLANG_WARN__DUPLICATE_METHOD_MATCH = YES;
				COPY_PHASE_STRIP = NO;
				DEBUG_INFORMATION_FORMAT = "dwarf-with-dsym";
				ENABLE_NS_ASSERTIONS = NO;
				ENABLE_STRICT_OBJC_MSGSEND = YES;
				GCC_C_LANGUAGE_STANDARD = gnu11;
				GCC_NO_COMMON_BLOCKS = YES;
				GCC_WARN_64_TO_32_BIT_CONVERSION = YES;
				GCC_WARN_ABOUT_RETURN_TYPE = YES_ERROR;
				GCC_WARN_UNDECLARED_SELECTOR = YES;
				GCC_WARN_UNINITIALIZED_AUTOS = YES_AGGRESSIVE;
				GCC_WARN_UNUSED_FUNCTION = YES;
				GCC_WARN_UNUSED_VARIABLE = YES;
				IPHONEOS_DEPLOYMENT_TARGET = 15.0;
				MTL_ENABLE_DEBUG_INFO = NO;
				MTL_FAST_MATH = YES;
				SDKROOT = iphoneos;
				SWIFT_COMPILATION_MODE = wholemodule;
				SWIFT_OPTIMIZATION_LEVEL = "-O";
				VALIDATE_PRODUCT = YES;
			};
			name = Release;
		};
		64861876266F9C1500102AF9 /* Debug */ = {
			isa = XCBuildConfiguration;
			buildSettings = {
				ASSETCATALOG_COMPILER_APPICON_NAME = AppIcon;
				ASSETCATALOG_COMPILER_GLOBAL_ACCENT_COLOR_NAME = AccentColor;
				CODE_SIGN_STYLE = Automatic;
				CURRENT_PROJECT_VERSION = 1;
				DEVELOPMENT_ASSET_PATHS = "\"Refreshable/Preview Content\"";
				DEVELOPMENT_TEAM = HD69KLV277;
				ENABLE_PREVIEWS = YES;
				GENERATE_INFOPLIST_FILE = YES;
				INFOPLIST_KEY_UIApplicationSceneManifest_Generation = YES;
				INFOPLIST_KEY_UIApplicationSupportsIndirectInputEvents = YES;
				INFOPLIST_KEY_UILaunchScreen_Generation = YES;
				INFOPLIST_KEY_UISupportedInterfaceOrientations_iPad = "UIInterfaceOrientationPortrait UIInterfaceOrientationPortraitUpsideDown UIInterfaceOrientationLandscapeLeft UIInterfaceOrientationLandscapeRight";
				INFOPLIST_KEY_UISupportedInterfaceOrientations_iPhone = "UIInterfaceOrientationPortrait UIInterfaceOrientationLandscapeLeft UIInterfaceOrientationLandscapeRight";
				IPHONEOS_DEPLOYMENT_TARGET = 15.0;
				LD_RUNPATH_SEARCH_PATHS = (
					"$(inherited)",
					"@executable_path/Frameworks",
				);
				MARKETING_VERSION = 1.0;
				PRODUCT_BUNDLE_IDENTIFIER = com.tundsdev.Refreshable;
				PRODUCT_NAME = "$(TARGET_NAME)";
				SWIFT_EMIT_LOC_STRINGS = YES;
				SWIFT_VERSION = 5.0;
				TARGETED_DEVICE_FAMILY = "1,2";
			};
			name = Debug;
		};
		64861877266F9C1500102AF9 /* Release */ = {
			isa = XCBuildConfiguration;
			buildSettings = {
				ASSETCATALOG_COMPILER_APPICON_NAME = AppIcon;
				ASSETCATALOG_COMPILER_GLOBAL_ACCENT_COLOR_NAME = AccentColor;
				CODE_SIGN_STYLE = Automatic;
				CURRENT_PROJECT_VERSION = 1;
				DEVELOPMENT_ASSET_PATHS = "\"Refreshable/Preview Content\"";
				DEVELOPMENT_TEAM = HD69KLV277;
				ENABLE_PREVIEWS = YES;
				GENERATE_INFOPLIST_FILE = YES;
				INFOPLIST_KEY_UIApplicationSceneManifest_Generation = YES;
				INFOPLIST_KEY_UIApplicationSupportsIndirectInputEvents = YES;
				INFOPLIST_KEY_UILaunchScreen_Generation = YES;
				INFOPLIST_KEY_UISupportedInterfaceOrientations_iPad = "UIInterfaceOrientationPortrait UIInterfaceOrientationPortraitUpsideDown UIInterfaceOrientationLandscapeLeft UIInterfaceOrientationLandscapeRight";
				INFOPLIST_KEY_UISupportedInterfaceOrientations_iPhone = "UIInterfaceOrientationPortrait UIInterfaceOrientationLandscapeLeft UIInterfaceOrientationLandscapeRight";
				IPHONEOS_DEPLOYMENT_TARGET = 15.0;
				LD_RUNPATH_SEARCH_PATHS = (
					"$(inherited)",
					"@executable_path/Frameworks",
				);
				MARKETING_VERSION = 1.0;
				PRODUCT_BUNDLE_IDENTIFIER = com.tundsdev.Refreshable;
				PRODUCT_NAME = "$(TARGET_NAME)";
				SWIFT_EMIT_LOC_STRINGS = YES;
				SWIFT_VERSION = 5.0;
				TARGETED_DEVICE_FAMILY = "1,2";
			};
			name = Release;
		};
/* End XCBuildConfiguration section */

/* Begin XCConfigurationList section */
		64861862266F9C1300102AF9 /* Build configuration list for PBXProject "Refreshable" */ = {
			isa = XCConfigurationList;
			buildConfigurations = (
				64861873266F9C1500102AF9 /* Debug */,
				64861874266F9C1500102AF9 /* Release */,
			);
			defaultConfigurationIsVisible = 0;
			defaultConfigurationName = Release;
		};
		64861875266F9C1500102AF9 /* Build configuration list for PBXNativeTarget "Refreshable" */ = {
			isa = XCConfigurationList;
			buildConfigurations = (
				64861876266F9C1500102AF9 /* Debug */,
				64861877266F9C1500102AF9 /* Release */,
			);
			defaultConfigurationIsVisible = 0;
			defaultConfigurationName = Release;
		};
/* End XCConfigurationList section */
	};
	rootObject = 6486185F266F9C1300102AF9 /* Project object */;
}
